
Microsoft Visual Studio Solution File, Format Version 12.00
Project("{FAE04EC0-301F-11D3-BF4B-00C04F79EFBC}") = "EasTCP", "src\EasTCP\EasTCP.csproj", "{FDB58BF1-A746-426B-AFB6-DD0ECC46F99A}"
EndProject
Project("{FAE04EC0-301F-11D3-BF4B-00C04F79EFBC}") = "EasTCP.Example.Server", "src\EasTCP.Example.Server\EasTCP.Example.Server.csproj", "{7F7D98A8-C77C-4B21-A88C-150B943E3AA4}"
EndProject
Project("{FAE04EC0-301F-11D3-BF4B-00C04F79EFBC}") = "EasTCP.Server", "src\EasTCP.Server\EasTCP.Server.csproj", "{A662D99F-A65F-406C-88BA-28AA2D6405F0}"
EndProject
Project("{FAE04EC0-301F-11D3-BF4B-00C04F79EFBC}") = "EasTCP.Client", "src\EasTCP.Client\EasTCP.Client.csproj", "{508FBEAE-0804-4AAA-AABD-FD0FFF7364FC}"
EndProject
Project("{2150E333-8FDC-42A3-9474-1A3956D46DE8}") = "src", "src", "{639990FE-BB8E-4FC8-A45F-BA58A1AF3D6F}"
EndProject
Project("{2150E333-8FDC-42A3-9474-1A3956D46DE8}") = "example", "example", "{A1132456-F3E6-4474-9284-C720649BC39F}"
EndProject
Project("{FAE04EC0-301F-11D3-BF4B-00C04F79EFBC}") = "EasTCP.Example.Client", "src\EasTCP.Example.Client\EasTCP.Example.Client.csproj", "{8304846E-905F-44B0-90AA-29492325297B}"
EndProject
Project("{FAE04EC0-301F-11D3-BF4B-00C04F79EFBC}") = "EasTCP.Example.Shared", "src\EasTCP.Example.Shared\EasTCP.Example.Shared.csproj", "{C3849141-F820-48EF-AA50-F0B9FF9AD499}"
EndProject
Global
	GlobalSection(SolutionConfigurationPlatforms) = preSolution
		Debug|Any CPU = Debug|Any CPU
		Release|Any CPU = Release|Any CPU
	EndGlobalSection
	GlobalSection(ProjectConfigurationPlatforms) = postSolution
		{FDB58BF1-A746-426B-AFB6-DD0ECC46F99A}.Debug|Any CPU.ActiveCfg = Debug|Any CPU
		{FDB58BF1-A746-426B-AFB6-DD0ECC46F99A}.Debug|Any CPU.Build.0 = Debug|Any CPU
		{FDB58BF1-A746-426B-AFB6-DD0ECC46F99A}.Release|Any CPU.ActiveCfg = Release|Any CPU
		{FDB58BF1-A746-426B-AFB6-DD0ECC46F99A}.Release|Any CPU.Build.0 = Release|Any CPU
		{7F7D98A8-C77C-4B21-A88C-150B943E3AA4}.Debug|Any CPU.ActiveCfg = Debug|Any CPU
		{7F7D98A8-C77C-4B21-A88C-150B943E3AA4}.Debug|Any CPU.Build.0 = Debug|Any CPU
		{7F7D98A8-C77C-4B21-A88C-150B943E3AA4}.Release|Any CPU.ActiveCfg = Release|Any CPU
		{7F7D98A8-C77C-4B21-A88C-150B943E3AA4}.Release|Any CPU.Build.0 = Release|Any CPU
		{A662D99F-A65F-406C-88BA-28AA2D6405F0}.Debug|Any CPU.ActiveCfg = Debug|Any CPU
		{A662D99F-A65F-406C-88BA-28AA2D6405F0}.Debug|Any CPU.Build.0 = Debug|Any CPU
		{A662D99F-A65F-406C-88BA-28AA2D6405F0}.Release|Any CPU.ActiveCfg = Release|Any CPU
		{A662D99F-A65F-406C-88BA-28AA2D6405F0}.Release|Any CPU.Build.0 = Release|Any CPU
		{508FBEAE-0804-4AAA-AABD-FD0FFF7364FC}.Debug|Any CPU.ActiveCfg = Debug|Any CPU
		{508FBEAE-0804-4AAA-AABD-FD0FFF7364FC}.Debug|Any CPU.Build.0 = Debug|Any CPU
		{508FBEAE-0804-4AAA-AABD-FD0FFF7364FC}.Release|Any CPU.ActiveCfg = Release|Any CPU
		{508FBEAE-0804-4AAA-AABD-FD0FFF7364FC}.Release|Any CPU.Build.0 = Release|Any CPU
		{8304846E-905F-44B0-90AA-29492325297B}.Debug|Any CPU.ActiveCfg = Debug|Any CPU
		{8304846E-905F-44B0-90AA-29492325297B}.Debug|Any CPU.Build.0 = Debug|Any CPU
		{8304846E-905F-44B0-90AA-29492325297B}.Release|Any CPU.ActiveCfg = Release|Any CPU
		{8304846E-905F-44B0-90AA-29492325297B}.Release|Any CPU.Build.0 = Release|Any CPU
		{C3849141-F820-48EF-AA50-F0B9FF9AD499}.Debug|Any CPU.ActiveCfg = Debug|Any CPU
		{C3849141-F820-48EF-AA50-F0B9FF9AD499}.Debug|Any CPU.Build.0 = Debug|Any CPU
		{C3849141-F820-48EF-AA50-F0B9FF9AD499}.Release|Any CPU.ActiveCfg = Release|Any CPU
		{C3849141-F820-48EF-AA50-F0B9FF9AD499}.Release|Any CPU.Build.0 = Release|Any CPU
	EndGlobalSection
	GlobalSection(NestedProjects) = preSolution
		{7F7D98A8-C77C-4B21-A88C-150B943E3AA4} = {A1132456-F3E6-4474-9284-C720649BC39F}
		{FDB58BF1-A746-426B-AFB6-DD0ECC46F99A} = {639990FE-BB8E-4FC8-A45F-BA58A1AF3D6F}
		{508FBEAE-0804-4AAA-AABD-FD0FFF7364FC} = {639990FE-BB8E-4FC8-A45F-BA58A1AF3D6F}
		{A662D99F-A65F-406C-88BA-28AA2D6405F0} = {639990FE-BB8E-4FC8-A45F-BA58A1AF3D6F}
		{8304846E-905F-44B0-90AA-29492325297B} = {A1132456-F3E6-4474-9284-C720649BC39F}
		{C3849141-F820-48EF-AA50-F0B9FF9AD499} = {A1132456-F3E6-4474-9284-C720649BC39F}
	EndGlobalSection
EndGlobal
